
Microsoft Visual Studio Solution File, Format Version 12.00
# Visual Studio Version 17
VisualStudioVersion = 17.4.33110.190
MinimumVisualStudioVersion = 10.0.40219.1
Project("{FAE04EC0-301F-11D3-BF4B-00C04F79EFBC}") = "EntregaDoTeste", "EntregaDoTeste\EntregaDoTeste.csproj", "{1CB0719C-2AFC-4D93-A49E-6249FAAD691B}"
EndProject
Global
	GlobalSection(SolutionConfigurationPlatforms) = preSolution
		Debug|Any CPU = Debug|Any CPU
		Release|Any CPU = Release|Any CPU
	EndGlobalSection
	GlobalSection(ProjectConfigurationPlatforms) = postSolution
		{1CB0719C-2AFC-4D93-A49E-6249FAAD691B}.Debug|Any CPU.ActiveCfg = Debug|Any CPU
		{1CB0719C-2AFC-4D93-A49E-6249FAAD691B}.Debug|Any CPU.Build.0 = Debug|Any CPU
		{1CB0719C-2AFC-4D93-A49E-6249FAAD691B}.Release|Any CPU.ActiveCfg = Release|Any CPU
		{1CB0719C-2AFC-4D93-A49E-6249FAAD691B}.Release|Any CPU.Build.0 = Release|Any CPU
	EndGlobalSection
	GlobalSection(SolutionProperties) = preSolution
		HideSolutionNode = FALSE
	EndGlobalSection
	GlobalSection(ExtensibilityGlobals) = postSolution
		SolutionGuid = {04FDFBEC-3A68-4A08-8AAA-566E67B5E9A0}
	EndGlobalSection
EndGlobal
